
Microsoft Visual Studio Solution File, Format Version 12.00
# Visual Studio Version 17
VisualStudioVersion = 17.0.31903.59
MinimumVisualStudioVersion = 10.0.40219.1
Project("{FAE04EC0-301F-11D3-BF4B-00C04F79EFBC}") = "TaskManagement.API", "TaskManagement.API\TaskManagement.API.csproj", "{3119D4C1-443C-4CBC-8B0A-9807A4425C4F}"
EndProject
Project("{FAE04EC0-301F-11D3-BF4B-00C04F79EFBC}") = "TaskManagement.Domain", "TaskManagement.Domain\TaskManagement.Domain.csproj", "{AF03DF30-D8BF-4C13-98FF-2D87E79A1516}"
EndProject
Project("{FAE04EC0-301F-11D3-BF4B-00C04F79EFBC}") = "TaskManagement.Application", "TaskManagement.Application\TaskManagement.Application.csproj", "{3D57B43F-A784-4024-AE06-878012DCDB76}"
EndProject
Project("{FAE04EC0-301F-11D3-BF4B-00C04F79EFBC}") = "TaskManagement.Infrastructure", "TaskManagement.Infrastructure\TaskManagement.Infrastructure.csproj", "{BECDD494-3416-4506-9FE0-3DF7A4E9AAE0}"
EndProject
Global
	GlobalSection(SolutionConfigurationPlatforms) = preSolution
		Debug|Any CPU = Debug|Any CPU
		Debug|x64 = Debug|x64
		Debug|x86 = Debug|x86
		Release|Any CPU = Release|Any CPU
		Release|x64 = Release|x64
		Release|x86 = Release|x86
	EndGlobalSection
	GlobalSection(ProjectConfigurationPlatforms) = postSolution
		{3119D4C1-443C-4CBC-8B0A-9807A4425C4F}.Debug|Any CPU.ActiveCfg = Debug|Any CPU
		{3119D4C1-443C-4CBC-8B0A-9807A4425C4F}.Debug|Any CPU.Build.0 = Debug|Any CPU
		{3119D4C1-443C-4CBC-8B0A-9807A4425C4F}.Debug|x64.ActiveCfg = Debug|Any CPU
		{3119D4C1-443C-4CBC-8B0A-9807A4425C4F}.Debug|x64.Build.0 = Debug|Any CPU
		{3119D4C1-443C-4CBC-8B0A-9807A4425C4F}.Debug|x86.ActiveCfg = Debug|Any CPU
		{3119D4C1-443C-4CBC-8B0A-9807A4425C4F}.Debug|x86.Build.0 = Debug|Any CPU
		{3119D4C1-443C-4CBC-8B0A-9807A4425C4F}.Release|Any CPU.ActiveCfg = Release|Any CPU
		{3119D4C1-443C-4CBC-8B0A-9807A4425C4F}.Release|Any CPU.Build.0 = Release|Any CPU
		{3119D4C1-443C-4CBC-8B0A-9807A4425C4F}.Release|x64.ActiveCfg = Release|Any CPU
		{3119D4C1-443C-4CBC-8B0A-9807A4425C4F}.Release|x64.Build.0 = Release|Any CPU
		{3119D4C1-443C-4CBC-8B0A-9807A4425C4F}.Release|x86.ActiveCfg = Release|Any CPU
		{3119D4C1-443C-4CBC-8B0A-9807A4425C4F}.Release|x86.Build.0 = Release|Any CPU
		{AF03DF30-D8BF-4C13-98FF-2D87E79A1516}.Debug|Any CPU.ActiveCfg = Debug|Any CPU
		{AF03DF30-D8BF-4C13-98FF-2D87E79A1516}.Debug|Any CPU.Build.0 = Debug|Any CPU
		{AF03DF30-D8BF-4C13-98FF-2D87E79A1516}.Debug|x64.ActiveCfg = Debug|Any CPU
		{AF03DF30-D8BF-4C13-98FF-2D87E79A1516}.Debug|x64.Build.0 = Debug|Any CPU
		{AF03DF30-D8BF-4C13-98FF-2D87E79A1516}.Debug|x86.ActiveCfg = Debug|Any CPU
		{AF03DF30-D8BF-4C13-98FF-2D87E79A1516}.Debug|x86.Build.0 = Debug|Any CPU
		{AF03DF30-D8BF-4C13-98FF-2D87E79A1516}.Release|Any CPU.ActiveCfg = Release|Any CPU
		{AF03DF30-D8BF-4C13-98FF-2D87E79A1516}.Release|Any CPU.Build.0 = Release|Any CPU
		{AF03DF30-D8BF-4C13-98FF-2D87E79A1516}.Release|x64.ActiveCfg = Release|Any CPU
		{AF03DF30-D8BF-4C13-98FF-2D87E79A1516}.Release|x64.Build.0 = Release|Any CPU
		{AF03DF30-D8BF-4C13-98FF-2D87E79A1516}.Release|x86.ActiveCfg = Release|Any CPU
		{AF03DF30-D8BF-4C13-98FF-2D87E79A1516}.Release|x86.Build.0 = Release|Any CPU
		{3D57B43F-A784-4024-AE06-878012DCDB76}.Debug|Any CPU.ActiveCfg = Debug|Any CPU
		{3D57B43F-A784-4024-AE06-878012DCDB76}.Debug|Any CPU.Build.0 = Debug|Any CPU
		{3D57B43F-A784-4024-AE06-878012DCDB76}.Debug|x64.ActiveCfg = Debug|Any CPU
		{3D57B43F-A784-4024-AE06-878012DCDB76}.Debug|x64.Build.0 = Debug|Any CPU
		{3D57B43F-A784-4024-AE06-878012DCDB76}.Debug|x86.ActiveCfg = Debug|Any CPU
		{3D57B43F-A784-4024-AE06-878012DCDB76}.Debug|x86.Build.0 = Debug|Any CPU
		{3D57B43F-A784-4024-AE06-878012DCDB76}.Release|Any CPU.ActiveCfg = Release|Any CPU
		{3D57B43F-A784-4024-AE06-878012DCDB76}.Release|Any CPU.Build.0 = Release|Any CPU
		{3D57B43F-A784-4024-AE06-878012DCDB76}.Release|x64.ActiveCfg = Release|Any CPU
		{3D57B43F-A784-4024-AE06-878012DCDB76}.Release|x64.Build.0 = Release|Any CPU
		{3D57B43F-A784-4024-AE06-878012DCDB76}.Release|x86.ActiveCfg = Release|Any CPU
		{3D57B43F-A784-4024-AE06-878012DCDB76}.Release|x86.Build.0 = Release|Any CPU
		{BECDD494-3416-4506-9FE0-3DF7A4E9AAE0}.Debug|Any CPU.ActiveCfg = Debug|Any CPU
		{BECDD494-3416-4506-9FE0-3DF7A4E9AAE0}.Debug|Any CPU.Build.0 = Debug|Any CPU
		{BECDD494-3416-4506-9FE0-3DF7A4E9AAE0}.Debug|x64.ActiveCfg = Debug|Any CPU
		{BECDD494-3416-4506-9FE0-3DF7A4E9AAE0}.Debug|x64.Build.0 = Debug|Any CPU
		{BECDD494-3416-4506-9FE0-3DF7A4E9AAE0}.Debug|x86.ActiveCfg = Debug|Any CPU
		{BECDD494-3416-4506-9FE0-3DF7A4E9AAE0}.Debug|x86.Build.0 = Debug|Any CPU
		{BECDD494-3416-4506-9FE0-3DF7A4E9AAE0}.Release|Any CPU.ActiveCfg = Release|Any CPU
		{BECDD494-3416-4506-9FE0-3DF7A4E9AAE0}.Release|Any CPU.Build.0 = Release|Any CPU
		{BECDD494-3416-4506-9FE0-3DF7A4E9AAE0}.Release|x64.ActiveCfg = Release|Any CPU
		{BECDD494-3416-4506-9FE0-3DF7A4E9AAE0}.Release|x64.Build.0 = Release|Any CPU
		{BECDD494-3416-4506-9FE0-3DF7A4E9AAE0}.Release|x86.ActiveCfg = Release|Any CPU
		{BECDD494-3416-4506-9FE0-3DF7A4E9AAE0}.Release|x86.Build.0 = Release|Any CPU
	EndGlobalSection
	GlobalSection(SolutionProperties) = preSolution
		HideSolutionNode = FALSE
	EndGlobalSection
EndGlobal
